{
  "name": "boot_aliexpress",
  "version": "1.0.0",
  "description": "Automação para resgatar moedas do AliExpress",
  "main": "index.js",
  "scripts": {
    "start": "node scripts/automacao-simples.js",
    "test": "echo \"Error: no test specified\" && exit 1"
  },
  "dependencies": {
    "puppeteer": "^21.0.0"
  },
  "keywords": ["aliexpress", "automation", "puppeteer"],
  "author": "Seu Nome",
  "license": "MIT"
}
